{
  "nodes": {
    "crate2nix": {
      "flake": false,
      "locked": {
        "lastModified": 1603629926,
        "narHash": "sha256-mQg9HzU0tRCKgk8GFhQ2QrxyCUjGgsJqH5JA4SZDyc4=",
        "owner": "balsoft",
        "repo": "crate2nix",
        "rev": "9b7b8ea918e3b28538868f8aeb8318f02bb75cb9",
        "type": "github"
      },
      "original": {
        "owner": "balsoft",
        "ref": "balsoft/fix-tools-nix",
        "repo": "crate2nix",
        "type": "github"
      }
    },
    "nixpkgs": {
      "locked": {
        "lastModified": 1599773960,
        "narHash": "sha256-5bL52aaUOOyOBjgKh9/6jQlFbeE+WfVX7dpvjohmD+w=",
        "owner": "nixos",
        "repo": "nixpkgs",
        "rev": "5916b9637048446755629c84ae6f13361f623d13",
        "type": "github"
      },
      "original": {
        "owner": "nixos",
        "repo": "nixpkgs",
        "type": "github"
      }
    },
    "root": {
      "inputs": {
        "crate2nix": "crate2nix",
        "nixpkgs": "nixpkgs"
      }
    }
  },
  "root": "root",
  "version": 7
}
