{
  "nodes": {
    "crate2nix": {
      "flake": false,
      "locked": {
        "lastModified": 1608814925,
        "narHash": "sha256-GdFBG2LmpbY4C1OJBFfWLMKXzGyFq4mJBK+SVMNNE+8=",
        "owner": "balsoft",
        "repo": "crate2nix",
        "rev": "68be3d90f31bf0bfd525da77e0ae6e89f48abd24",
        "type": "github"
      },
      "original": {
        "owner": "balsoft",
        "ref": "tools-nix-version-comparison",
        "repo": "crate2nix",
        "type": "github"
      }
    },
    "nixpkgs": {
      "locked": {
        "lastModified": 1599773960,
        "narHash": "sha256-5bL52aaUOOyOBjgKh9/6jQlFbeE+WfVX7dpvjohmD+w=",
        "owner": "nixos",
        "repo": "nixpkgs",
        "rev": "5916b9637048446755629c84ae6f13361f623d13",
        "type": "github"
      },
      "original": {
        "owner": "nixos",
        "repo": "nixpkgs",
        "type": "github"
      }
    },
    "root": {
      "inputs": {
        "crate2nix": "crate2nix",
        "nixpkgs": "nixpkgs"
      }
    }
  },
  "root": "root",
  "version": 7
}
